
Microsoft Visual Studio Solution File, Format Version 12.00
# Visual Studio Version 16
VisualStudioVersion = 16.0.31729.503
MinimumVisualStudioVersion = 10.0.40219.1
Project("{FAE04EC0-301F-11D3-BF4B-00C04F79EFBC}") = "JokesWebApp", "JokesWebApp.csproj", "{C841892A-0093-46CD-9888-CF9F2B9E08D1}"
EndProject
Global
	GlobalSection(SolutionConfigurationPlatforms) = preSolution
		Debug|Any CPU = Debug|Any CPU
		Release|Any CPU = Release|Any CPU
	EndGlobalSection
	GlobalSection(ProjectConfigurationPlatforms) = postSolution
		{C841892A-0093-46CD-9888-CF9F2B9E08D1}.Debug|Any CPU.ActiveCfg = Debug|Any CPU
		{C841892A-0093-46CD-9888-CF9F2B9E08D1}.Debug|Any CPU.Build.0 = Debug|Any CPU
		{C841892A-0093-46CD-9888-CF9F2B9E08D1}.Release|Any CPU.ActiveCfg = Release|Any CPU
		{C841892A-0093-46CD-9888-CF9F2B9E08D1}.Release|Any CPU.Build.0 = Release|Any CPU
	EndGlobalSection
	GlobalSection(SolutionProperties) = preSolution
		HideSolutionNode = FALSE
	EndGlobalSection
	GlobalSection(ExtensibilityGlobals) = postSolution
		SolutionGuid = {0CC7E2F6-D707-4A79-B308-030E0C94A09A}
	EndGlobalSection
EndGlobal
